
Microsoft Visual Studio Solution File, Format Version 12.00
# Visual Studio Version 17
VisualStudioVersion = 17.6.33829.357
MinimumVisualStudioVersion = 10.0.40219.1
Project("{FAE04EC0-301F-11D3-BF4B-00C04F79EFBC}") = "ShadesTweaker", "ShadesTweaker\ShadesTweaker.csproj", "{F8CD1CDD-8DF8-4AAC-98D1-A2BBE3176C6F}"
EndProject
Global
	GlobalSection(SolutionConfigurationPlatforms) = preSolution
		Debug|Any CPU = Debug|Any CPU
		Release|Any CPU = Release|Any CPU
	EndGlobalSection
	GlobalSection(ProjectConfigurationPlatforms) = postSolution
		{F8CD1CDD-8DF8-4AAC-98D1-A2BBE3176C6F}.Debug|Any CPU.ActiveCfg = Debug|Any CPU
		{F8CD1CDD-8DF8-4AAC-98D1-A2BBE3176C6F}.Debug|Any CPU.Build.0 = Debug|Any CPU
		{F8CD1CDD-8DF8-4AAC-98D1-A2BBE3176C6F}.Release|Any CPU.ActiveCfg = Release|Any CPU
		{F8CD1CDD-8DF8-4AAC-98D1-A2BBE3176C6F}.Release|Any CPU.Build.0 = Release|Any CPU
	EndGlobalSection
	GlobalSection(SolutionProperties) = preSolution
		HideSolutionNode = FALSE
	EndGlobalSection
	GlobalSection(ExtensibilityGlobals) = postSolution
		SolutionGuid = {0486D527-69C3-477C-8844-75DE9D7F1C51}
	EndGlobalSection
EndGlobal
